
Microsoft Visual Studio Solution File, Format Version 12.00
# Visual Studio Version 17
VisualStudioVersion = 17.7.34024.191
MinimumVisualStudioVersion = 10.0.40219.1
Project("{FAE04EC0-301F-11D3-BF4B-00C04F79EFBC}") = "ECommerce", "ECommerce\ECommerce.csproj", "{3BFC2680-A941-4D9A-B261-A281CD790F3C}"
EndProject
Global
	GlobalSection(SolutionConfigurationPlatforms) = preSolution
		Debug|Any CPU = Debug|Any CPU
		Release|Any CPU = Release|Any CPU
	EndGlobalSection
	GlobalSection(ProjectConfigurationPlatforms) = postSolution
		{3BFC2680-A941-4D9A-B261-A281CD790F3C}.Debug|Any CPU.ActiveCfg = Debug|Any CPU
		{3BFC2680-A941-4D9A-B261-A281CD790F3C}.Debug|Any CPU.Build.0 = Debug|Any CPU
		{3BFC2680-A941-4D9A-B261-A281CD790F3C}.Release|Any CPU.ActiveCfg = Release|Any CPU
		{3BFC2680-A941-4D9A-B261-A281CD790F3C}.Release|Any CPU.Build.0 = Release|Any CPU
	EndGlobalSection
	GlobalSection(SolutionProperties) = preSolution
		HideSolutionNode = FALSE
	EndGlobalSection
	GlobalSection(ExtensibilityGlobals) = postSolution
		SolutionGuid = {071C8447-21C2-4EA1-A3AA-6D0FCAD24DB6}
	EndGlobalSection
EndGlobal
